
Microsoft Visual Studio Solution File, Format Version 12.00
# Visual Studio Version 17
VisualStudioVersion = 17.14.37012.4 d17.14
MinimumVisualStudioVersion = 10.0.40219.1
Project("{F184B08F-C81C-45F6-A57F-5ABD9991F28F}") = "NcmMaster", "NcmMaster.vbproj", "{E55FC3EF-3C37-4A0B-8F28-37EA6B7B4868}"
EndProject
Global
	GlobalSection(SolutionConfigurationPlatforms) = preSolution
		Debug|Any CPU = Debug|Any CPU
		Release|Any CPU = Release|Any CPU
	EndGlobalSection
	GlobalSection(ProjectConfigurationPlatforms) = postSolution
		{E55FC3EF-3C37-4A0B-8F28-37EA6B7B4868}.Debug|Any CPU.ActiveCfg = Debug|Any CPU
		{E55FC3EF-3C37-4A0B-8F28-37EA6B7B4868}.Debug|Any CPU.Build.0 = Debug|Any CPU
		{E55FC3EF-3C37-4A0B-8F28-37EA6B7B4868}.Release|Any CPU.ActiveCfg = Release|Any CPU
		{E55FC3EF-3C37-4A0B-8F28-37EA6B7B4868}.Release|Any CPU.Build.0 = Release|Any CPU
	EndGlobalSection
	GlobalSection(SolutionProperties) = preSolution
		HideSolutionNode = FALSE
	EndGlobalSection
	GlobalSection(ExtensibilityGlobals) = postSolution
		SolutionGuid = {F3147B3B-8F3D-4138-B505-C9DDAEF95204}
	EndGlobalSection
EndGlobal
